PODS:
  - Alamofire (3.0.0)
  - GoogleMaps (1.10.3)
  - OAuthSwift (0.4.6)
  - p2.OAuth2 (2.0.1)
  - SwiftyJSON (2.3.0)

DEPENDENCIES:
  - Alamofire
  - GoogleMaps
  - OAuthSwift
  - p2.OAuth2
  - SwiftyJSON

SPEC CHECKSUMS:
  Alamofire: b61782387f81bcc538a0284cf2bb5d7995cd0a80
  GoogleMaps: 945e4ac3b74bcca3ddada51df256eb7beddb474d
  OAuthSwift: 8c738cc56c942a541f5c6d0362a892cb149d10b1
  p2.OAuth2: 6d4183a4dcec05cc6df3bab1110551854a116b9c
  SwiftyJSON: 8d6b61a70277ef2a5d710d372e06e7e2d87fb9e4

COCOAPODS: 0.38.2
